{
  "name": "resizeit2",
  "version": "1.2.0",
  "lockfileVersion": 1,
  "requires": true,
  "dependencies": {
    "bootstrap": {
      "version": "4.2.1",
      "resolved": "https://registry.npmjs.org/bootstrap/-/bootstrap-4.2.1.tgz",
      "integrity": "sha512-tt/7vIv3Gm2mnd/WeDx36nfGGHleil0Wg8IeB7eMrVkY0fZ5iTaBisSh8oNANc2IBsCc6vCgCNTIM/IEN0+50Q==",
      "dev": true
    },
    "typescript": {
      "version": "2.8.3",
      "resolved": "https://registry.npmjs.org/typescript/-/typescript-2.8.3.tgz",
      "integrity": "sha512-K7g15Bb6Ra4lKf7Iq2l/I5/En+hLIHmxWZGq3D4DIRNFxMNV6j2SHSvDOqs2tGd4UvD/fJvrwopzQXjLrT7Itw==",
      "dev": true
    },
    "web-ext-types": {
      "version": "3.1.0",
      "resolved": "https://registry.npmjs.org/web-ext-types/-/web-ext-types-3.1.0.tgz",
      "integrity": "sha512-HKVibk040vuhpbOljcIYYYC8GP9w9REbHpquI3im/aoZqoDIRq9DnsHl4Zsg+4Fg3SBnWsnvlIr1rnspV4TdXQ==",
      "dev": true
    }
  }
}
